Microsoft Visual Studio Solution File, Format Version 12.00
# Visual Studio Version 17
VisualStudioVersion = 17.14.36221.1 d17.14
MinimumVisualStudioVersion = 10.0.40219.1
Project("{FAE04EC0-301F-11D3-BF4B-00C04F79EFBC}") = "LifestyleChecker.NET.AppHost", "LifestyleChecker.NET.AppHost\LifestyleChecker.NET.AppHost.csproj", "{81DA2EA6-587E-4720-AD55-A0B24389BEA7}"
EndProject
Project("{FAE04EC0-301F-11D3-BF4B-00C04F79EFBC}") = "LifestyleChecker.NET.ServiceDefaults", "LifestyleChecker.NET.ServiceDefaults\LifestyleChecker.NET.ServiceDefaults.csproj", "{54BBB2FF-0FBD-8A5C-5104-EE405373099F}"
EndProject
Project("{FAE04EC0-301F-11D3-BF4B-00C04F79EFBC}") = "LifestyleChecker.NET.ApiService", "LifestyleChecker.NET.ApiService\LifestyleChecker.NET.ApiService.csproj", "{AF0AEC10-9F2A-B67E-763B-894ECB5B19DD}"
EndProject
Project("{FAE04EC0-301F-11D3-BF4B-00C04F79EFBC}") = "LifestyleChecker.NET.Web", "LifestyleChecker.NET.Web\LifestyleChecker.NET.Web.csproj", "{76921DE8-803A-0A98-2118-D190689405B5}"
EndProject
Project("{FAE04EC0-301F-11D3-BF4B-00C04F79EFBC}") = "LifestyleChecker.NET.Tests", "LifestyleChecker.NET.Tests\LifestyleChecker.NET.Tests.csproj", "{987D7691-AEA2-3222-3C08-9DDF97708479}"
EndProject
Global
	GlobalSection(SolutionConfigurationPlatforms) = preSolution
		Debug|Any CPU = Debug|Any CPU
		Release|Any CPU = Release|Any CPU
	EndGlobalSection
	GlobalSection(ProjectConfigurationPlatforms) = postSolution
		{81DA2EA6-587E-4720-AD55-A0B24389BEA7}.Debug|Any CPU.ActiveCfg = Debug|Any CPU
		{81DA2EA6-587E-4720-AD55-A0B24389BEA7}.Debug|Any CPU.Build.0 = Debug|Any CPU
		{81DA2EA6-587E-4720-AD55-A0B24389BEA7}.Release|Any CPU.ActiveCfg = Release|Any CPU
		{81DA2EA6-587E-4720-AD55-A0B24389BEA7}.Release|Any CPU.Build.0 = Release|Any CPU
		{54BBB2FF-0FBD-8A5C-5104-EE405373099F}.Debug|Any CPU.ActiveCfg = Debug|Any CPU
		{54BBB2FF-0FBD-8A5C-5104-EE405373099F}.Debug|Any CPU.Build.0 = Debug|Any CPU
		{54BBB2FF-0FBD-8A5C-5104-EE405373099F}.Release|Any CPU.ActiveCfg = Release|Any CPU
		{54BBB2FF-0FBD-8A5C-5104-EE405373099F}.Release|Any CPU.Build.0 = Release|Any CPU
		{AF0AEC10-9F2A-B67E-763B-894ECB5B19DD}.Debug|Any CPU.ActiveCfg = Debug|Any CPU
		{AF0AEC10-9F2A-B67E-763B-894ECB5B19DD}.Debug|Any CPU.Build.0 = Debug|Any CPU
		{AF0AEC10-9F2A-B67E-763B-894ECB5B19DD}.Release|Any CPU.ActiveCfg = Release|Any CPU
		{AF0AEC10-9F2A-B67E-763B-894ECB5B19DD}.Release|Any CPU.Build.0 = Release|Any CPU
		{76921DE8-803A-0A98-2118-D190689405B5}.Debug|Any CPU.ActiveCfg = Debug|Any CPU
		{76921DE8-803A-0A98-2118-D190689405B5}.Debug|Any CPU.Build.0 = Debug|Any CPU
		{76921DE8-803A-0A98-2118-D190689405B5}.Release|Any CPU.ActiveCfg = Release|Any CPU
		{76921DE8-803A-0A98-2118-D190689405B5}.Release|Any CPU.Build.0 = Release|Any CPU
		{987D7691-AEA2-3222-3C08-9DDF97708479}.Debug|Any CPU.ActiveCfg = Debug|Any CPU
		{987D7691-AEA2-3222-3C08-9DDF97708479}.Debug|Any CPU.Build.0 = Debug|Any CPU
		{987D7691-AEA2-3222-3C08-9DDF97708479}.Release|Any CPU.ActiveCfg = Release|Any CPU
		{987D7691-AEA2-3222-3C08-9DDF97708479}.Release|Any CPU.Build.0 = Release|Any CPU
	EndGlobalSection
	GlobalSection(SolutionProperties) = preSolution
		HideSolutionNode = FALSE
	EndGlobalSection
	GlobalSection(ExtensibilityGlobals) = postSolution
		SolutionGuid = {68B6B7F2-1398-4175-A3E4-073E2DA62ABD}
	EndGlobalSection
EndGlobal
